
Microsoft Visual Studio Solution File, Format Version 12.00
# Visual Studio 15
VisualStudioVersion = 15.0.27703.2026
MinimumVisualStudioVersion = 10.0.40219.1
Project("{FAE04EC0-301F-11D3-BF4B-00C04F79EFBC}") = "TWImageChecker", "TWImageChecker\TWImageChecker.csproj", "{8943E85B-D7B5-48BC-8C64-B6601E1F9FD0}"
EndProject
Global
	GlobalSection(SolutionConfigurationPlatforms) = preSolution
		Debug|Any CPU = Debug|Any CPU
		Release|Any CPU = Release|Any CPU
	EndGlobalSection
	GlobalSection(ProjectConfigurationPlatforms) = postSolution
		{8943E85B-D7B5-48BC-8C64-B6601E1F9FD0}.Debug|Any CPU.ActiveCfg = Debug|Any CPU
		{8943E85B-D7B5-48BC-8C64-B6601E1F9FD0}.Debug|Any CPU.Build.0 = Debug|Any CPU
		{8943E85B-D7B5-48BC-8C64-B6601E1F9FD0}.Release|Any CPU.ActiveCfg = Release|Any CPU
		{8943E85B-D7B5-48BC-8C64-B6601E1F9FD0}.Release|Any CPU.Build.0 = Release|Any CPU
	EndGlobalSection
	GlobalSection(SolutionProperties) = preSolution
		HideSolutionNode = FALSE
	EndGlobalSection
	GlobalSection(ExtensibilityGlobals) = postSolution
		SolutionGuid = {6775DBC1-E0B3-452D-806D-721AEA6DE55B}
	EndGlobalSection
EndGlobal
